{
  "name": "exploring-relative-dates",
  "version": "1.0.0",
  "lockfileVersion": 3,
  "requires": true,
  "packages": {
    "": {
      "name": "exploring-relative-dates",
      "version": "1.0.0",
      "license": "SEE LICENSE IN license.md",
      "dependencies": {
        "chrono-node": "^2.7.5"
      }
    },
    "node_modules/chrono-node": {
      "version": "2.7.5",
      "resolved": "https://registry.npmjs.org/chrono-node/-/chrono-node-2.7.5.tgz",
      "integrity": "sha512-VJWqFN5rWmXVvXAxOD4i0jX8Tb4cLswaslyaAFhxM45zNXPsZleygPbgiaYBD7ORb9fj07zBgJb0Q6eKL+0iJg==",
      "dependencies": {
        "dayjs": "^1.10.0"
      },
      "engines": {
        "node": "^12.20.0 || ^14.13.1 || >=16.0.0"
      }
    },
    "node_modules/dayjs": {
      "version": "1.11.10",
      "resolved": "https://registry.npmjs.org/dayjs/-/dayjs-1.11.10.tgz",
      "integrity": "sha512-vjAczensTgRcqDERK0SR2XMwsF/tSvnvlv6VcF2GIhg6Sx4yOIt/irsr1RDJsKiIyBzJDpCoXiWWq28MqH2cnQ=="
    }
  }
}
